# This file is generated by running "yarn install" inside your project.
# Manual changes might be lost - proceed with caution!

__metadata:
  version: 8
  cacheKey: 10c0

"core-js@npm:^3.22.5":
  version: 3.47.0
  resolution: "core-js@npm:3.47.0"
  checksum: 10c0/9b1a7088b7c660c7b8f1d4c90bb1816a8d5352ebdcb7bc742e3a0e4eb803316b5aa17bacb8769522342196351a5430178f46914644f2bfdb94ce0ced3c7fd523
  languageName: node
  linkType: hard

"ox-aurochs-base@workspace:.":
  version: 0.0.0-use.local
  resolution: "ox-aurochs-base@workspace:."
  dependencies:
    core-js: "npm:^3.22.5"
  languageName: unknown
  linkType: soft
